{
  "name": "downloads",
  "version": "1.0.0",
  "lockfileVersion": 1,
  "dependencies": {
    "double-ended-queue": {
      "version": "2.1.0-0",
      "resolved": "https://registry.npmjs.org/double-ended-queue/-/double-ended-queue-2.1.0-0.tgz",
      "integrity": "sha1-ED01J/0xUo9AGIEwyEHv3XgmTlw="
    },
    "encrypted-redis": {
      "version": "1.0.14",
      "resolved": "https://registry.npmjs.org/encrypted-redis/-/encrypted-redis-1.0.14.tgz",
      "integrity": "sha1-yyBtWJGoIQHJYLSSJV99p37OOsQ="
    },
    "html2json": {
      "version": "1.0.2",
      "resolved": "https://registry.npmjs.org/html2json/-/html2json-1.0.2.tgz",
      "integrity": "sha1-ydbSAvplQCOGwgKzRc9RvOgO0e8="
    },
    "redis": {
      "version": "2.8.0",
      "resolved": "https://registry.npmjs.org/redis/-/redis-2.8.0.tgz",
      "integrity": "sha512-M1OkonEQwtRmZv4tEWF2VgpG0JWJ8Fv1PhlgT5+B+uNq2cA3Rt1Yt/ryoR+vQNOQcIEgdCdfH0jr3bDpihAw1A=="
    },
    "redis-commands": {
      "version": "1.3.1",
      "resolved": "https://registry.npmjs.org/redis-commands/-/redis-commands-1.3.1.tgz",
      "integrity": "sha1-gdgm9F+pyLIBH0zXoP5ZfSQdRCs="
    },
    "redis-parser": {
      "version": "2.6.0",
      "resolved": "https://registry.npmjs.org/redis-parser/-/redis-parser-2.6.0.tgz",
      "integrity": "sha1-Uu0J2srBCPGmMcB+m2mUHnoZUEs="
    },
    "server-html": {
      "version": "1.0.16",
      "resolved": "https://registry.npmjs.org/server-html/-/server-html-1.0.16.tgz",
      "integrity": "sha512-Ke182EhtAeQ4d+btOshiEhAYXF6T9C8mllPGFXxPDv7ldN2aaT6lwNR5Xtz29NOn3JNJnzXed5O4CtXY9wvzQA=="
    }
  }
}
